
Microsoft Visual Studio Solution File, Format Version 12.00
# Visual Studio 15
VisualStudioVersion = 15.0.28010.2046
MinimumVisualStudioVersion = 10.0.40219.1
Project("{FAE04EC0-301F-11D3-BF4B-00C04F79EFBC}") = "etl", "etl\etl.csproj", "{CAEDD583-50A0-41F1-B6DD-1C5360429436}"
EndProject
Project("{FAE04EC0-301F-11D3-BF4B-00C04F79EFBC}") = "etl.lib", "etl.lib\etl.lib.csproj", "{15FFE01C-84E6-4FAC-9827-DFFB5E34A03B}"
EndProject
Project("{FAE04EC0-301F-11D3-BF4B-00C04F79EFBC}") = "etl.perf.test", "etl.perf.test\etl.perf.test.csproj", "{79B56DE3-7B09-4C6B-BC48-FC0A7EAAA9F9}"
EndProject
Project("{FAE04EC0-301F-11D3-BF4B-00C04F79EFBC}") = "etl.test", "etl.test\etl.test.csproj", "{49AD058C-EE3D-4A39-9ACE-DE7A333168CD}"
EndProject
Global
	GlobalSection(SolutionConfigurationPlatforms) = preSolution
		Debug|Any CPU = Debug|Any CPU
		Release|Any CPU = Release|Any CPU
	EndGlobalSection
	GlobalSection(ProjectConfigurationPlatforms) = postSolution
		{CAEDD583-50A0-41F1-B6DD-1C5360429436}.Debug|Any CPU.ActiveCfg = Debug|Any CPU
		{CAEDD583-50A0-41F1-B6DD-1C5360429436}.Debug|Any CPU.Build.0 = Debug|Any CPU
		{CAEDD583-50A0-41F1-B6DD-1C5360429436}.Release|Any CPU.ActiveCfg = Release|Any CPU
		{CAEDD583-50A0-41F1-B6DD-1C5360429436}.Release|Any CPU.Build.0 = Release|Any CPU
		{15FFE01C-84E6-4FAC-9827-DFFB5E34A03B}.Debug|Any CPU.ActiveCfg = Debug|Any CPU
		{15FFE01C-84E6-4FAC-9827-DFFB5E34A03B}.Debug|Any CPU.Build.0 = Debug|Any CPU
		{15FFE01C-84E6-4FAC-9827-DFFB5E34A03B}.Release|Any CPU.ActiveCfg = Release|Any CPU
		{15FFE01C-84E6-4FAC-9827-DFFB5E34A03B}.Release|Any CPU.Build.0 = Release|Any CPU
		{79B56DE3-7B09-4C6B-BC48-FC0A7EAAA9F9}.Debug|Any CPU.ActiveCfg = Debug|Any CPU
		{79B56DE3-7B09-4C6B-BC48-FC0A7EAAA9F9}.Debug|Any CPU.Build.0 = Debug|Any CPU
		{79B56DE3-7B09-4C6B-BC48-FC0A7EAAA9F9}.Release|Any CPU.ActiveCfg = Release|Any CPU
		{79B56DE3-7B09-4C6B-BC48-FC0A7EAAA9F9}.Release|Any CPU.Build.0 = Release|Any CPU
		{49AD058C-EE3D-4A39-9ACE-DE7A333168CD}.Debug|Any CPU.ActiveCfg = Debug|Any CPU
		{49AD058C-EE3D-4A39-9ACE-DE7A333168CD}.Debug|Any CPU.Build.0 = Debug|Any CPU
		{49AD058C-EE3D-4A39-9ACE-DE7A333168CD}.Release|Any CPU.ActiveCfg = Release|Any CPU
		{49AD058C-EE3D-4A39-9ACE-DE7A333168CD}.Release|Any CPU.Build.0 = Release|Any CPU
	EndGlobalSection
	GlobalSection(SolutionProperties) = preSolution
		HideSolutionNode = FALSE
	EndGlobalSection
	GlobalSection(ExtensibilityGlobals) = postSolution
		SolutionGuid = {D46AF1F6-C2B8-4BB6-AB05-FCF28013C060}
	EndGlobalSection
EndGlobal
